
Microsoft Visual Studio Solution File, Format Version 12.00
# Visual Studio 15
VisualStudioVersion = 15.0.28307.1022
MinimumVisualStudioVersion = 10.0.40219.1
Project("{FAE04EC0-301F-11D3-BF4B-00C04F79EFBC}") = "Zadatak_1", "Zadatak_1\Zadatak_1.csproj", "{71501783-B75E-47EE-BE96-146592101B29}"
EndProject
Global
	GlobalSection(SolutionConfigurationPlatforms) = preSolution
		Debug|Any CPU = Debug|Any CPU
		Release|Any CPU = Release|Any CPU
	EndGlobalSection
	GlobalSection(ProjectConfigurationPlatforms) = postSolution
		{71501783-B75E-47EE-BE96-146592101B29}.Debug|Any CPU.ActiveCfg = Debug|Any CPU
		{71501783-B75E-47EE-BE96-146592101B29}.Debug|Any CPU.Build.0 = Debug|Any CPU
		{71501783-B75E-47EE-BE96-146592101B29}.Release|Any CPU.ActiveCfg = Release|Any CPU
		{71501783-B75E-47EE-BE96-146592101B29}.Release|Any CPU.Build.0 = Release|Any CPU
	EndGlobalSection
	GlobalSection(SolutionProperties) = preSolution
		HideSolutionNode = FALSE
	EndGlobalSection
	GlobalSection(ExtensibilityGlobals) = postSolution
		SolutionGuid = {286ECEDC-A550-4752-B717-016EC47A80D3}
	EndGlobalSection
EndGlobal
